
Microsoft Visual Studio Solution File, Format Version 12.00
# Visual Studio 15
VisualStudioVersion = 15.0.27703.2026
MinimumVisualStudioVersion = 10.0.40219.1
Project("{FAE04EC0-301F-11D3-BF4B-00C04F79EFBC}") = "Marvelapp.Android", "Marvelapp\Marvelapp.Android\Marvelapp.Android.csproj", "{FDC3069A-80C6-4039-85E1-A9A0FB0986F0}"
EndProject
Project("{FAE04EC0-301F-11D3-BF4B-00C04F79EFBC}") = "Marvelapp.iOS", "Marvelapp\Marvelapp.iOS\Marvelapp.iOS.csproj", "{7EBE10B7-0E82-4A60-A60E-5D17639CC592}"
EndProject
Project("{FAE04EC0-301F-11D3-BF4B-00C04F79EFBC}") = "Marvelapp", "Marvelapp\Marvelapp\Marvelapp.csproj", "{8EF254C5-7A23-416F-9CC9-99B85566EB87}"
EndProject
Global
	GlobalSection(SolutionConfigurationPlatforms) = preSolution
		Ad-Hoc|Any CPU = Ad-Hoc|Any CPU
		Ad-Hoc|iPhone = Ad-Hoc|iPhone
		Ad-Hoc|iPhoneSimulator = Ad-Hoc|iPhoneSimulator
		AppStore|Any CPU = AppStore|Any CPU
		AppStore|iPhone = AppStore|iPhone
		AppStore|iPhoneSimulator = AppStore|iPhoneSimulator
		Debug|Any CPU = Debug|Any CPU
		Debug|iPhone = Debug|iPhone
		Debug|iPhoneSimulator = Debug|iPhoneSimulator
		Release|Any CPU = Release|Any CPU
		Release|iPhone = Release|iPhone
		Release|iPhoneSimulator = Release|iPhoneSimulator
	EndGlobalSection
	GlobalSection(ProjectConfigurationPlatforms) = postSolution
		{FDC3069A-80C6-4039-85E1-A9A0FB0986F0}.Ad-Hoc|Any CPU.ActiveCfg = Release|Any CPU
		{FDC3069A-80C6-4039-85E1-A9A0FB0986F0}.Ad-Hoc|Any CPU.Build.0 = Release|Any CPU
		{FDC3069A-80C6-4039-85E1-A9A0FB0986F0}.Ad-Hoc|Any CPU.Deploy.0 = Release|Any CPU
		{FDC3069A-80C6-4039-85E1-A9A0FB0986F0}.Ad-Hoc|iPhone.ActiveCfg = Release|Any CPU
		{FDC3069A-80C6-4039-85E1-A9A0FB0986F0}.Ad-Hoc|iPhone.Build.0 = Release|Any CPU
		{FDC3069A-80C6-4039-85E1-A9A0FB0986F0}.Ad-Hoc|iPhone.Deploy.0 = Release|Any CPU
		{FDC3069A-80C6-4039-85E1-A9A0FB0986F0}.Ad-Hoc|iPhoneSimulator.ActiveCfg = Release|Any CPU
		{FDC3069A-80C6-4039-85E1-A9A0FB0986F0}.Ad-Hoc|iPhoneSimulator.Build.0 = Release|Any CPU
		{FDC3069A-80C6-4039-85E1-A9A0FB0986F0}.Ad-Hoc|iPhoneSimulator.Deploy.0 = Release|Any CPU
		{FDC3069A-80C6-4039-85E1-A9A0FB0986F0}.AppStore|Any CPU.ActiveCfg = Release|Any CPU
		{FDC3069A-80C6-4039-85E1-A9A0FB0986F0}.AppStore|Any CPU.Build.0 = Release|Any CPU
		{FDC3069A-80C6-4039-85E1-A9A0FB0986F0}.AppStore|Any CPU.Deploy.0 = Release|Any CPU
		{FDC3069A-80C6-4039-85E1-A9A0FB0986F0}.AppStore|iPhone.ActiveCfg = Release|Any CPU
		{FDC3069A-80C6-4039-85E1-A9A0FB0986F0}.AppStore|iPhone.Build.0 = Release|Any CPU
		{FDC3069A-80C6-4039-85E1-A9A0FB0986F0}.AppStore|iPhone.Deploy.0 = Release|Any CPU
		{FDC3069A-80C6-4039-85E1-A9A0FB0986F0}.AppStore|iPhoneSimulator.ActiveCfg = Release|Any CPU
		{FDC3069A-80C6-4039-85E1-A9A0FB0986F0}.AppStore|iPhoneSimulator.Build.0 = Release|Any CPU
		{FDC3069A-80C6-4039-85E1-A9A0FB0986F0}.AppStore|iPhoneSimulator.Deploy.0 = Release|Any CPU
		{FDC3069A-80C6-4039-85E1-A9A0FB0986F0}.Debug|Any CPU.ActiveCfg = Debug|Any CPU
		{FDC3069A-80C6-4039-85E1-A9A0FB0986F0}.Debug|Any CPU.Build.0 = Debug|Any CPU
		{FDC3069A-80C6-4039-85E1-A9A0FB0986F0}.Debug|Any CPU.Deploy.0 = Debug|Any CPU
		{FDC3069A-80C6-4039-85E1-A9A0FB0986F0}.Debug|iPhone.ActiveCfg = Debug|Any CPU
		{FDC3069A-80C6-4039-85E1-A9A0FB0986F0}.Debug|iPhone.Build.0 = Debug|Any CPU
		{FDC3069A-80C6-4039-85E1-A9A0FB0986F0}.Debug|iPhone.Deploy.0 = Debug|Any CPU
		{FDC3069A-80C6-4039-85E1-A9A0FB0986F0}.Debug|iPhoneSimulator.ActiveCfg = Debug|Any CPU
		{FDC3069A-80C6-4039-85E1-A9A0FB0986F0}.Debug|iPhoneSimulator.Build.0 = Debug|Any CPU
		{FDC3069A-80C6-4039-85E1-A9A0FB0986F0}.Debug|iPhoneSimulator.Deploy.0 = Debug|Any CPU
		{FDC3069A-80C6-4039-85E1-A9A0FB0986F0}.Release|Any CPU.ActiveCfg = Release|Any CPU
		{FDC3069A-80C6-4039-85E1-A9A0FB0986F0}.Release|Any CPU.Build.0 = Release|Any CPU
		{FDC3069A-80C6-4039-85E1-A9A0FB0986F0}.Release|Any CPU.Deploy.0 = Release|Any CPU
		{FDC3069A-80C6-4039-85E1-A9A0FB0986F0}.Release|iPhone.ActiveCfg = Release|Any CPU
		{FDC3069A-80C6-4039-85E1-A9A0FB0986F0}.Release|iPhone.Build.0 = Release|Any CPU
		{FDC3069A-80C6-4039-85E1-A9A0FB0986F0}.Release|iPhone.Deploy.0 = Release|Any CPU
		{FDC3069A-80C6-4039-85E1-A9A0FB0986F0}.Release|iPhoneSimulator.ActiveCfg = Release|Any CPU
		{FDC3069A-80C6-4039-85E1-A9A0FB0986F0}.Release|iPhoneSimulator.Build.0 = Release|Any CPU
		{FDC3069A-80C6-4039-85E1-A9A0FB0986F0}.Release|iPhoneSimulator.Deploy.0 = Release|Any CPU
		{7EBE10B7-0E82-4A60-A60E-5D17639CC592}.Ad-Hoc|Any CPU.ActiveCfg = Ad-Hoc|iPhone
		{7EBE10B7-0E82-4A60-A60E-5D17639CC592}.Ad-Hoc|Any CPU.Build.0 = Ad-Hoc|iPhone
		{7EBE10B7-0E82-4A60-A60E-5D17639CC592}.Ad-Hoc|Any CPU.Deploy.0 = Ad-Hoc|iPhone
		{7EBE10B7-0E82-4A60-A60E-5D17639CC592}.Ad-Hoc|iPhone.ActiveCfg = Ad-Hoc|iPhone
		{7EBE10B7-0E82-4A60-A60E-5D17639CC592}.Ad-Hoc|iPhone.Build.0 = Ad-Hoc|iPhone
		{7EBE10B7-0E82-4A60-A60E-5D17639CC592}.Ad-Hoc|iPhone.Deploy.0 = Ad-Hoc|iPhone
		{7EBE10B7-0E82-4A60-A60E-5D17639CC592}.Ad-Hoc|iPhoneSimulator.ActiveCfg = Ad-Hoc|iPhoneSimulator
		{7EBE10B7-0E82-4A60-A60E-5D17639CC592}.Ad-Hoc|iPhoneSimulator.Build.0 = Ad-Hoc|iPhoneSimulator
		{7EBE10B7-0E82-4A60-A60E-5D17639CC592}.Ad-Hoc|iPhoneSimulator.Deploy.0 = Ad-Hoc|iPhoneSimulator
		{7EBE10B7-0E82-4A60-A60E-5D17639CC592}.AppStore|Any CPU.ActiveCfg = AppStore|iPhone
		{7EBE10B7-0E82-4A60-A60E-5D17639CC592}.AppStore|Any CPU.Build.0 = AppStore|iPhone
		{7EBE10B7-0E82-4A60-A60E-5D17639CC592}.AppStore|Any CPU.Deploy.0 = AppStore|iPhone
		{7EBE10B7-0E82-4A60-A60E-5D17639CC592}.AppStore|iPhone.ActiveCfg = AppStore|iPhone
		{7EBE10B7-0E82-4A60-A60E-5D17639CC592}.AppStore|iPhone.Build.0 = AppStore|iPhone
		{7EBE10B7-0E82-4A60-A60E-5D17639CC592}.AppStore|iPhone.Deploy.0 = AppStore|iPhone
		{7EBE10B7-0E82-4A60-A60E-5D17639CC592}.AppStore|iPhoneSimulator.ActiveCfg = AppStore|iPhoneSimulator
		{7EBE10B7-0E82-4A60-A60E-5D17639CC592}.AppStore|iPhoneSimulator.Build.0 = AppStore|iPhoneSimulator
		{7EBE10B7-0E82-4A60-A60E-5D17639CC592}.AppStore|iPhoneSimulator.Deploy.0 = AppStore|iPhoneSimulator
		{7EBE10B7-0E82-4A60-A60E-5D17639CC592}.Debug|Any CPU.ActiveCfg = Debug|iPhoneSimulator
		{7EBE10B7-0E82-4A60-A60E-5D17639CC592}.Debug|Any CPU.Build.0 = Debug|iPhoneSimulator
		{7EBE10B7-0E82-4A60-A60E-5D17639CC592}.Debug|Any CPU.Deploy.0 = Debug|iPhoneSimulator
		{7EBE10B7-0E82-4A60-A60E-5D17639CC592}.Debug|iPhone.ActiveCfg = Debug|iPhone
		{7EBE10B7-0E82-4A60-A60E-5D17639CC592}.Debug|iPhone.Build.0 = Debug|iPhone
		{7EBE10B7-0E82-4A60-A60E-5D17639CC592}.Debug|iPhone.Deploy.0 = Debug|iPhone
		{7EBE10B7-0E82-4A60-A60E-5D17639CC592}.Debug|iPhoneSimulator.ActiveCfg = Debug|iPhoneSimulator
		{7EBE10B7-0E82-4A60-A60E-5D17639CC592}.Debug|iPhoneSimulator.Build.0 = Debug|iPhoneSimulator
		{7EBE10B7-0E82-4A60-A60E-5D17639CC592}.Debug|iPhoneSimulator.Deploy.0 = Debug|iPhoneSimulator
		{7EBE10B7-0E82-4A60-A60E-5D17639CC592}.Release|Any CPU.ActiveCfg = Release|iPhone
		{7EBE10B7-0E82-4A60-A60E-5D17639CC592}.Release|Any CPU.Build.0 = Release|iPhone
		{7EBE10B7-0E82-4A60-A60E-5D17639CC592}.Release|Any CPU.Deploy.0 = Release|iPhone
		{7EBE10B7-0E82-4A60-A60E-5D17639CC592}.Release|iPhone.ActiveCfg = Release|iPhone
		{7EBE10B7-0E82-4A60-A60E-5D17639CC592}.Release|iPhone.Build.0 = Release|iPhone
		{7EBE10B7-0E82-4A60-A60E-5D17639CC592}.Release|iPhone.Deploy.0 = Release|iPhone
		{7EBE10B7-0E82-4A60-A60E-5D17639CC592}.Release|iPhoneSimulator.ActiveCfg = Release|iPhoneSimulator
		{7EBE10B7-0E82-4A60-A60E-5D17639CC592}.Release|iPhoneSimulator.Build.0 = Release|iPhoneSimulator
		{7EBE10B7-0E82-4A60-A60E-5D17639CC592}.Release|iPhoneSimulator.Deploy.0 = Release|iPhoneSimulator
		{8EF254C5-7A23-416F-9CC9-99B85566EB87}.Ad-Hoc|Any CPU.ActiveCfg = Debug|Any CPU
		{8EF254C5-7A23-416F-9CC9-99B85566EB87}.Ad-Hoc|Any CPU.Build.0 = Debug|Any CPU
		{8EF254C5-7A23-416F-9CC9-99B85566EB87}.Ad-Hoc|Any CPU.Deploy.0 = Debug|Any CPU
		{8EF254C5-7A23-416F-9CC9-99B85566EB87}.Ad-Hoc|iPhone.ActiveCfg = Debug|Any CPU
		{8EF254C5-7A23-416F-9CC9-99B85566EB87}.Ad-Hoc|iPhone.Build.0 = Debug|Any CPU
		{8EF254C5-7A23-416F-9CC9-99B85566EB87}.Ad-Hoc|iPhone.Deploy.0 = Debug|Any CPU
		{8EF254C5-7A23-416F-9CC9-99B85566EB87}.Ad-Hoc|iPhoneSimulator.ActiveCfg = Debug|Any CPU
		{8EF254C5-7A23-416F-9CC9-99B85566EB87}.Ad-Hoc|iPhoneSimulator.Build.0 = Debug|Any CPU
		{8EF254C5-7A23-416F-9CC9-99B85566EB87}.Ad-Hoc|iPhoneSimulator.Deploy.0 = Debug|Any CPU
		{8EF254C5-7A23-416F-9CC9-99B85566EB87}.AppStore|Any CPU.ActiveCfg = Debug|Any CPU
		{8EF254C5-7A23-416F-9CC9-99B85566EB87}.AppStore|Any CPU.Build.0 = Debug|Any CPU
		{8EF254C5-7A23-416F-9CC9-99B85566EB87}.AppStore|Any CPU.Deploy.0 = Debug|Any CPU
		{8EF254C5-7A23-416F-9CC9-99B85566EB87}.AppStore|iPhone.ActiveCfg = Debug|Any CPU
		{8EF254C5-7A23-416F-9CC9-99B85566EB87}.AppStore|iPhone.Build.0 = Debug|Any CPU
		{8EF254C5-7A23-416F-9CC9-99B85566EB87}.AppStore|iPhone.Deploy.0 = Debug|Any CPU
		{8EF254C5-7A23-416F-9CC9-99B85566EB87}.AppStore|iPhoneSimulator.ActiveCfg = Debug|Any CPU
		{8EF254C5-7A23-416F-9CC9-99B85566EB87}.AppStore|iPhoneSimulator.Build.0 = Debug|Any CPU
		{8EF254C5-7A23-416F-9CC9-99B85566EB87}.AppStore|iPhoneSimulator.Deploy.0 = Debug|Any CPU
		{8EF254C5-7A23-416F-9CC9-99B85566EB87}.Debug|Any CPU.ActiveCfg = Debug|Any CPU
		{8EF254C5-7A23-416F-9CC9-99B85566EB87}.Debug|Any CPU.Build.0 = Debug|Any CPU
		{8EF254C5-7A23-416F-9CC9-99B85566EB87}.Debug|Any CPU.Deploy.0 = Debug|Any CPU
		{8EF254C5-7A23-416F-9CC9-99B85566EB87}.Debug|iPhone.ActiveCfg = Debug|Any CPU
		{8EF254C5-7A23-416F-9CC9-99B85566EB87}.Debug|iPhone.Build.0 = Debug|Any CPU
		{8EF254C5-7A23-416F-9CC9-99B85566EB87}.Debug|iPhone.Deploy.0 = Debug|Any CPU
		{8EF254C5-7A23-416F-9CC9-99B85566EB87}.Debug|iPhoneSimulator.ActiveCfg = Debug|Any CPU
		{8EF254C5-7A23-416F-9CC9-99B85566EB87}.Debug|iPhoneSimulator.Build.0 = Debug|Any CPU
		{8EF254C5-7A23-416F-9CC9-99B85566EB87}.Debug|iPhoneSimulator.Deploy.0 = Debug|Any CPU
		{8EF254C5-7A23-416F-9CC9-99B85566EB87}.Release|Any CPU.ActiveCfg = Release|Any CPU
		{8EF254C5-7A23-416F-9CC9-99B85566EB87}.Release|Any CPU.Build.0 = Release|Any CPU
		{8EF254C5-7A23-416F-9CC9-99B85566EB87}.Release|Any CPU.Deploy.0 = Release|Any CPU
		{8EF254C5-7A23-416F-9CC9-99B85566EB87}.Release|iPhone.ActiveCfg = Release|Any CPU
		{8EF254C5-7A23-416F-9CC9-99B85566EB87}.Release|iPhone.Build.0 = Release|Any CPU
		{8EF254C5-7A23-416F-9CC9-99B85566EB87}.Release|iPhone.Deploy.0 = Release|Any CPU
		{8EF254C5-7A23-416F-9CC9-99B85566EB87}.Release|iPhoneSimulator.ActiveCfg = Release|Any CPU
		{8EF254C5-7A23-416F-9CC9-99B85566EB87}.Release|iPhoneSimulator.Build.0 = Release|Any CPU
		{8EF254C5-7A23-416F-9CC9-99B85566EB87}.Release|iPhoneSimulator.Deploy.0 = Release|Any CPU
	EndGlobalSection
	GlobalSection(SolutionProperties) = preSolution
		HideSolutionNode = FALSE
	EndGlobalSection
	GlobalSection(ExtensibilityGlobals) = postSolution
		SolutionGuid = {95819488-EB67-4E31-AC4B-48428BF925B3}
	EndGlobalSection
EndGlobal
